
Microsoft Visual Studio Solution File, Format Version 12.00
# Visual Studio Version 16
VisualStudioVersion = 16.0.32901.82
MinimumVisualStudioVersion = 10.0.40219.1
Project("{FAE04EC0-301F-11D3-BF4B-00C04F79EFBC}") = "CROSSOVER_API", "CROSSOVER_API\CROSSOVER_API.csproj", "{B6B5D9B5-AB5D-4D5B-8A53-D290CB725593}"
EndProject
Global
	GlobalSection(SolutionConfigurationPlatforms) = preSolution
		Debug|Any CPU = Debug|Any CPU
		Release|Any CPU = Release|Any CPU
	EndGlobalSection
	GlobalSection(ProjectConfigurationPlatforms) = postSolution
		{B6B5D9B5-AB5D-4D5B-8A53-D290CB725593}.Debug|Any CPU.ActiveCfg = Debug|Any CPU
		{B6B5D9B5-AB5D-4D5B-8A53-D290CB725593}.Debug|Any CPU.Build.0 = Debug|Any CPU
		{B6B5D9B5-AB5D-4D5B-8A53-D290CB725593}.Release|Any CPU.ActiveCfg = Release|Any CPU
		{B6B5D9B5-AB5D-4D5B-8A53-D290CB725593}.Release|Any CPU.Build.0 = Release|Any CPU
	EndGlobalSection
	GlobalSection(SolutionProperties) = preSolution
		HideSolutionNode = FALSE
	EndGlobalSection
	GlobalSection(ExtensibilityGlobals) = postSolution
		SolutionGuid = {461DA48F-7033-4B61-849B-3683D7A90B77}
	EndGlobalSection
EndGlobal
